// !$*UTF8*$!
{
	archiveVersion = 1;
	classes = {
	};
	objectVersion = 50;
	objects = {

/* Begin PBXBuildFile section */
		53E9EA132430FB9B00BC1B3E /* AppDelegate.swift in Sources */ = {isa = PBXBuildFile; fileRef = 53E9EA122430FB9B00BC1B3E /* AppDelegate.swift */; };
		53E9EA152430FB9B00BC1B3E /* SceneDelegate.swift in Sources */ = {isa = PBXBuildFile; fileRef = 53E9EA142430FB9B00BC1B3E /* SceneDelegate.swift */; };
		53E9EA172430FB9B00BC1B3E /* ViewController.swift in Sources */ = {isa = PBXBuildFile; fileRef = 53E9EA162430FB9B00BC1B3E /* ViewController.swift */; };
		53E9EA1A2430FB9B00BC1B3E /* Main.storyboard in Resources */ = {isa = PBXBuildFile; fileRef = 53E9EA182430FB9B00BC1B3E /* Main.storyboard */; };
		53E9EA1C2430FB9D00BC1B3E /* Assets.xcassets in Resources */ = {isa = PBXBuildFile; fileRef = 53E9EA1B2430FB9D00BC1B3E /* Assets.xcassets */; };
		53E9EA1F2430FB9D00BC1B3E /* LaunchScreen.storyboard in Resources */ = {isa = PBXBuildFile; fileRef = 53E9EA1D2430FB9D00BC1B3E /* LaunchScreen.storyboard */; };
/* End PBXBuildFile section */

/* Begin PBXFileReference section */
		53E9EA0F2430FB9B00BC1B3E /* Storyluxe.app */ = {isa = PBXFileReference; explicitFileType = wrapper.application; includeInIndex = 0; path = Storyluxe.app; sourceTree = BUILT_PRODUCTS_DIR; };
		53E9EA122430FB9B00BC1B3E /* AppDelegate.swift */ = {isa = PBXFileReference; lastKnownFileType = sourcecode.swift; path = AppDelegate.swift; sourceTree = "<group>"; };
		53E9EA142430FB9B00BC1B3E /* SceneDelegate.swift */ = {isa = PBXFileReference; lastKnownFileType = sourcecode.swift; path = SceneDelegate.swift; sourceTree = "<group>"; };
		53E9EA162430FB9B00BC1B3E /* ViewController.swift */ = {isa = PBXFileReference; lastKnownFileType = sourcecode.swift; path = ViewController.swift; sourceTree = "<group>"; };
		53E9EA192430FB9B00BC1B3E /* Base */ = {isa = PBXFileReference; lastKnownFileType = file.storyboard; name = Base; path = Base.lproj/Main.storyboard; sourceTree = "<group>"; };
		53E9EA1B2430FB9D00BC1B3E /* Assets.xcassets */ = {isa = PBXFileReference; lastKnownFileType = folder.assetcatalog; path = Assets.xcassets; sourceTree = "<group>"; };
		53E9EA1E2430FB9D00BC1B3E /* Base */ = {isa = PBXFileReference; lastKnownFileType = file.storyboard; name = Base; path = Base.lproj/LaunchScreen.storyboard; sourceTree = "<group>"; };
		53E9EA202430FB9D00BC1B3E /* Info.plist */ = {isa = PBXFileReference; lastKnownFileType = text.plist.xml; path = Info.plist; sourceTree = "<group>"; };
/* End PBXFileReference section */

/* Begin PBXFrameworksBuildPhase section */
		53E9EA0C2430FB9B00BC1B3E /* Frameworks */ = {
			isa = PBXFrameworksBuildPhase;
			buildActionMask = 2147483647;
			files = (
			);
			runOnlyForDeploymentPostprocessing = 0;
		};
/* End PBXFrameworksBuildPhase section */

/* Begin PBXGroup section */
		53E9EA062430FB9B00BC1B3E = {
			isa = PBXGroup;
			children = (
				53E9EA112430FB9B00BC1B3E /* Storyluxe */,
				53E9EA102430FB9B00BC1B3E /* Products */,
			);
			sourceTree = "<group>";
		};
		53E9EA102430FB9B00BC1B3E /* Products */ = {
			isa = PBXGroup;
			children = (
				53E9EA0F2430FB9B00BC1B3E /* Storyluxe.app */,
			);
			name = Products;
			sourceTree = "<group>";
		};
		53E9EA112430FB9B00BC1B3E /* Storyluxe */ = {
			isa = PBXGroup;
			children = (
				53E9EA122430FB9B00BC1B3E /* AppDelegate.swift */,
				53E9EA142430FB9B00BC1B3E /* SceneDelegate.swift */,
				53E9EA162430FB9B00BC1B3E /* ViewController.swift */,
				53E9EA182430FB9B00BC1B3E /* Main.storyboard */,
				53E9EA1B2430FB9D00BC1B3E /* Assets.xcassets */,
				53E9EA1D2430FB9D00BC1B3E /* LaunchScreen.storyboard */,
				53E9EA202430FB9D00BC1B3E /* Info.plist */,
			);
			path = Storyluxe;
			sourceTree = "<group>";
		};
/* End PBXGroup section */

/* Begin PBXNativeTarget section */
		53E9EA0E2430FB9B00BC1B3E /* Storyluxe */ = {
			isa = PBXNativeTarget;
			buildConfigurationList = 53E9EA232430FB9D00BC1B3E /* Build configuration list for PBXNativeTarget "Storyluxe" */;
			buildPhases = (
				53E9EA0B2430FB9B00BC1B3E /* Sources */,
				53E9EA0C2430FB9B00BC1B3E /* Frameworks */,
				53E9EA0D2430FB9B00BC1B3E /* Resources */,
			);
			buildRules = (
			);
			dependencies = (
			);
			name = Storyluxe;
			productName = Storyluxe;
			productReference = 53E9EA0F2430FB9B00BC1B3E /* Storyluxe.app */;
			productType = "com.apple.product-type.application";
		};
/* End PBXNativeTarget section */

/* Begin PBXProject section */
		53E9EA072430FB9B00BC1B3E /* Project object */ = {
			isa = PBXProject;
			attributes = {
				LastSwiftUpdateCheck = 1140;
				LastUpgradeCheck = 1140;
				ORGANIZATIONNAME = "Sergey Koval";
				TargetAttributes = {
					53E9EA0E2430FB9B00BC1B3E = {
						CreatedOnToolsVersion = 11.4;
					};
				};
			};
			buildConfigurationList = 53E9EA0A2430FB9B00BC1B3E /* Build configuration list for PBXProject "Storyluxe" */;
			compatibilityVersion = "Xcode 9.3";
			developmentRegion = en;
			hasScannedForEncodings = 0;
			knownRegions = (
				en,
				Base,
			);
			mainGroup = 53E9EA062430FB9B00BC1B3E;
			productRefGroup = 53E9EA102430FB9B00BC1B3E /* Products */;
			projectDirPath = "";
			projectRoot = "";
			targets = (
				53E9EA0E2430FB9B00BC1B3E /* Storyluxe */,
			);
		};
/* End PBXProject section */

/* Begin PBXResourcesBuildPhase section */
		53E9EA0D2430FB9B00BC1B3E /* Resources */ = {
			isa = PBXResourcesBuildPhase;
			buildActionMask = 2147483647;
			files = (
				53E9EA1F2430FB9D00BC1B3E /* LaunchScreen.storyboard in Resources */,
				53E9EA1C2430FB9D00BC1B3E /* Assets.xcassets in Resources */,
				53E9EA1A2430FB9B00BC1B3E /* Main.storyboard in Resources */,
			);
			runOnlyForDeploymentPostprocessing = 0;
		};
/* End PBXResourcesBuildPhase section */

/* Begin PBXSourcesBuildPhase section */
		53E9EA0B2430FB9B00BC1B3E /* Sources */ = {
			isa = PBXSourcesBuildPhase;
			buildActionMask = 2147483647;
			files = (
				53E9EA172430FB9B00BC1B3E /* ViewController.swift in Sources */,
				53E9EA132430FB9B00BC1B3E /* AppDelegate.swift in Sources */,
				53E9EA152430FB9B00BC1B3E /* SceneDelegate.swift in Sources */,
			);
			runOnlyForDeploymentPostprocessing = 0;
		};
/* End PBXSourcesBuildPhase section */

/* Begin PBXVariantGroup section */
		53E9EA182430FB9B00BC1B3E /* Main.storyboard */ = {
			isa = PBXVariantGroup;
			children = (
				53E9EA192430FB9B00BC1B3E /* Base */,
			);
			name = Main.storyboard;
			sourceTree = "<group>";
		};
		53E9EA1D2430FB9D00BC1B3E /* LaunchScreen.storyboard */ = {
			isa = PBXVariantGroup;
			children = (
				53E9EA1E2430FB9D00BC1B3E /* Base */,
			);
			name = LaunchScreen.storyboard;
			sourceTree = "<group>";
		};
/* End PBXVariantGroup section */

/* Begin XCBuildConfiguration section */
		53E9EA212430FB9D00BC1B3E /* Debug */ = {
			isa = XCBuildConfiguration;
			buildSettings = {
				ALWAYS_SEARCH_USER_PATHS = NO;
				CLANG_ANALYZER_NONNULL = YES;
				CLANG_ANALYZER_NUMBER_OBJECT_CONVERSION = YES_AGGRESSIVE;
				CLANG_CXX_LANGUAGE_STANDARD = "gnu++14";
				CLANG_CXX_LIBRARY = "libc++";
				CLANG_ENABLE_MODULES = YES;
				CLANG_ENABLE_OBJC_ARC = YES;
				CLANG_ENABLE_OBJC_WEAK = YES;
				CLANG_WARN_BLOCK_CAPTURE_AUTORELEASING = YES;
				CLANG_WARN_BOOL_CONVERSION = YES;
				CLANG_WARN_COMMA = YES;
				CLANG_WARN_CONSTANT_CONVERSION = YES;
				CLANG_WARN_DEPRECATED_OBJC_IMPLEMENTATIONS = YES;
				CLANG_WARN_DIRECT_OBJC_ISA_USAGE = YES_ERROR;
				CLANG_WARN_DOCUMENTATION_COMMENTS = YES;
				CLANG_WARN_EMPTY_BODY = YES;
				CLANG_WARN_ENUM_CONVERSION = YES;
				CLANG_WARN_INFINITE_RECURSION = YES;
				CLANG_WARN_INT_CONVERSION = YES;
				CLANG_WARN_NON_LITERAL_NULL_CONVERSION = YES;
				CLANG_WARN_OBJC_IMPLICIT_RETAIN_SELF = YES;
				CLANG_WARN_OBJC_LITERAL_CONVERSION = YES;
				CLANG_WARN_OBJC_ROOT_CLASS = YES_ERROR;
				CLANG_WARN_RANGE_LOOP_ANALYSIS = YES;
				CLANG_WARN_STRICT_PROTOTYPES = YES;
				CLANG_WARN_SUSPICIOUS_MOVE = YES;
				CLANG_WARN_UNGUARDED_AVAILABILITY = YES_AGGRESSIVE;
				CLANG_WARN_UNREACHABLE_CODE = YES;
				CLANG_WARN__DUPLICATE_METHOD_MATCH = YES;
				COPY_PHASE_STRIP = NO;
				DEBUG_INFORMATION_FORMAT = dwarf;
				ENABLE_STRICT_OBJC_MSGSEND = YES;
				ENABLE_TESTABILITY = YES;
				GCC_C_LANGUAGE_STANDARD = gnu11;
				GCC_DYNAMIC_NO_PIC = NO;
				GCC_NO_COMMON_BLOCKS = YES;
				GCC_OPTIMIZATION_LEVEL = 0;
				GCC_PREPROCESSOR_DEFINITIONS = (
					"DEBUG=1",
					"$(inherited)",
				);
				GCC_WARN_64_TO_32_BIT_CONVERSION = YES;
				GCC_WARN_ABOUT_RETURN_TYPE = YES_ERROR;
				GCC_WARN_UNDECLARED_SELECTOR = YES;
				GCC_WARN_UNINITIALIZED_AUTOS = YES_AGGRESSIVE;
				GCC_WARN_UNUSED_FUNCTION = YES;
				GCC_WARN_UNUSED_VARIABLE = YES;
				IPHONEOS_DEPLOYMENT_TARGET = 13.4;
				MTL_ENABLE_DEBUG_INFO = INCLUDE_SOURCE;
				MTL_FAST_MATH = YES;
				ONLY_ACTIVE_ARCH = YES;
				SDKROOT = iphoneos;
				SWIFT_ACTIVE_COMPILATION_CONDITIONS = DEBUG;
				SWIFT_OPTIMIZATION_LEVEL = "-Onone";
			};
			name = Debug;
		};
		53E9EA222430FB9D00BC1B3E /* Release */ = {
			isa = XCBuildConfiguration;
			buildSettings = {
				ALWAYS_SEARCH_USER_PATHS = NO;
				CLANG_ANALYZER_NONNULL = YES;
				CLANG_ANALYZER_NUMBER_OBJECT_CONVERSION = YES_AGGRESSIVE;
				CLANG_CXX_LANGUAGE_STANDARD = "gnu++14";
				CLANG_CXX_LIBRARY = "libc++";
				CLANG_ENABLE_MODULES = YES;
				CLANG_ENABLE_OBJC_ARC = YES;
				CLANG_ENABLE_OBJC_WEAK = YES;
				CLANG_WARN_BLOCK_CAPTURE_AUTORELEASING = YES;
				CLANG_WARN_BOOL_CONVERSION = YES;
				CLANG_WARN_COMMA = YES;
				CLANG_WARN_CONSTANT_CONVERSION = YES;
				CLANG_WARN_DEPRECATED_OBJC_IMPLEMENTATIONS = YES;
				CLANG_WARN_DIRECT_OBJC_ISA_USAGE = YES_ERROR;
				CLANG_WARN_DOCUMENTATION_COMMENTS = YES;
				CLANG_WARN_EMPTY_BODY = YES;
				CLANG_WARN_ENUM_CONVERSION = YES;
				CLANG_WARN_INFINITE_RECURSION = YES;
				CLANG_WARN_INT_CONVERSION = YES;
				CLANG_WARN_NON_LITERAL_NULL_CONVERSION = YES;
				CLANG_WARN_OBJC_IMPLICIT_RETAIN_SELF = YES;
				CLANG_WARN_OBJC_LITERAL_CONVERSION = YES;
				CLANG_WARN_OBJC_ROOT_CLASS = YES_ERROR;
				CLANG_WARN_RANGE_LOOP_ANALYSIS = YES;
				CLANG_WARN_STRICT_PROTOTYPES = YES;
				CLANG_WARN_SUSPICIOUS_MOVE = YES;
				CLANG_WARN_UNGUARDED_AVAILABILITY = YES_AGGRESSIVE;
				CLANG_WARN_UNREACHABLE_CODE = YES;
				CLANG_WARN__DUPLICATE_METHOD_MATCH = YES;
				COPY_PHASE_STRIP = NO;
				DEBUG_INFORMATION_FORMAT = "dwarf-with-dsym";
				ENABLE_NS_ASSERTIONS = NO;
				ENABLE_STRICT_OBJC_MSGSEND = YES;
				GCC_C_LANGUAGE_STANDARD = gnu11;
				GCC_NO_COMMON_BLOCKS = YES;
				GCC_WARN_64_TO_32_BIT_CONVERSION = YES;
				GCC_WARN_ABOUT_RETURN_TYPE = YES_ERROR;
				GCC_WARN_UNDECLARED_SELECTOR = YES;
				GCC_WARN_UNINITIALIZED_AUTOS = YES_AGGRESSIVE;
				GCC_WARN_UNUSED_FUNCTION = YES;
				GCC_WARN_UNUSED_VARIABLE = YES;
				IPHONEOS_DEPLOYMENT_TARGET = 13.4;
				MTL_ENABLE_DEBUG_INFO = NO;
				MTL_FAST_MATH = YES;
				SDKROOT = iphoneos;
				SWIFT_COMPILATION_MODE = wholemodule;
				SWIFT_OPTIMIZATION_LEVEL = "-O";
				VALIDATE_PRODUCT = YES;
			};
			name = Release;
		};
		53E9EA242430FB9D00BC1B3E /* Debug */ = {
			isa = XCBuildConfiguration;
			buildSettings = {
				ASSETCATALOG_COMPILER_APPICON_NAME = AppIcon;
				CODE_SIGN_STYLE = Automatic;
				DEVELOPMENT_TEAM = NGGLF95RDQ;
				INFOPLIST_FILE = Storyluxe/Info.plist;
				LD_RUNPATH_SEARCH_PATHS = (
					"$(inherited)",
					"@executable_path/Frameworks",
				);
				PRODUCT_BUNDLE_IDENTIFIER = com.kovallux.Storyluxe;
				PRODUCT_NAME = "$(TARGET_NAME)";
				SWIFT_VERSION = 5.0;
				TARGETED_DEVICE_FAMILY = "1,2";
			};
			name = Debug;
		};
		53E9EA252430FB9D00BC1B3E /* Release */ = {
			isa = XCBuildConfiguration;
			buildSettings = {
				ASSETCATALOG_COMPILER_APPICON_NAME = AppIcon;
				CODE_SIGN_STYLE = Automatic;
				DEVELOPMENT_TEAM = NGGLF95RDQ;
				INFOPLIST_FILE = Storyluxe/Info.plist;
				LD_RUNPATH_SEARCH_PATHS = (
					"$(inherited)",
					"@executable_path/Frameworks",
				);
				PRODUCT_BUNDLE_IDENTIFIER = com.kovallux.Storyluxe;
				PRODUCT_NAME = "$(TARGET_NAME)";
				SWIFT_VERSION = 5.0;
				TARGETED_DEVICE_FAMILY = "1,2";
			};
			name = Release;
		};
/* End XCBuildConfiguration section */

/* Begin XCConfigurationList section */
		53E9EA0A2430FB9B00BC1B3E /* Build configuration list for PBXProject "Storyluxe" */ = {
			isa = XCConfigurationList;
			buildConfigurations = (
				53E9EA212430FB9D00BC1B3E /* Debug */,
				53E9EA222430FB9D00BC1B3E /* Release */,
			);
			defaultConfigurationIsVisible = 0;
			defaultConfigurationName = Release;
		};
		53E9EA232430FB9D00BC1B3E /* Build configuration list for PBXNativeTarget "Storyluxe" */ = {
			isa = XCConfigurationList;
			buildConfigurations = (
				53E9EA242430FB9D00BC1B3E /* Debug */,
				53E9EA252430FB9D00BC1B3E /* Release */,
			);
			defaultConfigurationIsVisible = 0;
			defaultConfigurationName = Release;
		};
/* End XCConfigurationList section */
	};
	rootObject = 53E9EA072430FB9B00BC1B3E /* Project object */;
}
